# This file is automatically @generated by Poetry 1.8.2 and should not be changed by hand.

[[package]]
name = "peewee"
version = "3.17.3"
description = "a little orm"
optional = false
python-versions = "*"
files = [
    {file = "peewee-3.17.3.tar.gz", hash = "sha256:ef15f90b628e41a584be8306cdc3243c51f73ce88b06154d9572f6d0284a0169"},
]

[metadata]
lock-version = "2.0"
python-versions = "^3.12"
content-hash = "dc9104bd6b00f3b13ea45120321b3637d1d411b806a6b9e56f377efaaf13e2fd"
